{
  "lockfile_version": "1",
  "packages": {
    "exercism@latest": {
      "last_modified": "2025-07-19T04:40:28Z",
      "resolved": "github:NixOS/nixpkgs/6b4955211758ba47fac850c040a27f23b9b4008f#exercism",
      "source": "devbox-search",
      "version": "3.5.7",
      "systems": {
        "aarch64-darwin": {
          "outputs": [
            {
              "name": "out",
              "path": "/nix/store/34pn5nv38hfjsf2n1jpsqihbkx2fyq8c-exercism-3.5.7",
              "default": true
            }
          ],
          "store_path": "/nix/store/34pn5nv38hfjsf2n1jpsqihbkx2fyq8c-exercism-3.5.7"
        },
        "aarch64-linux": {
          "outputs": [
            {
              "name": "out",
              "path": "/nix/store/jkqpg8gmgmb7hljwyzdg6hvs06kknvfq-exercism-3.5.7",
              "default": true
            }
          ],
          "store_path": "/nix/store/jkqpg8gmgmb7hljwyzdg6hvs06kknvfq-exercism-3.5.7"
        },
        "x86_64-darwin": {
          "outputs": [
            {
              "name": "out",
              "path": "/nix/store/gb5cwh0gcjbzpfx9jzffhi45nliz4f6h-exercism-3.5.7",
              "default": true
            }
          ],
          "store_path": "/nix/store/gb5cwh0gcjbzpfx9jzffhi45nliz4f6h-exercism-3.5.7"
        },
        "x86_64-linux": {
          "outputs": [
            {
              "name": "out",
              "path": "/nix/store/44rc0zdyhvbasv2kz0fq0lk6fmpfs7sa-exercism-3.5.7",
              "default": true
            }
          ],
          "store_path": "/nix/store/44rc0zdyhvbasv2kz0fq0lk6fmpfs7sa-exercism-3.5.7"
        }
      }
    },
    "github:NixOS/nixpkgs/nixpkgs-unstable": {
      "last_modified": "2025-07-20T07:42:04Z",
      "resolved": "github:NixOS/nixpkgs/7c688a0875df5a8c28a53fb55ae45e94eae0dddb?lastModified=1752997324&narHash=sha256-vtTM4oDke3SeDj%2B1ey6DjmzXdq8ZZSCLWSaApADDvIE%3D"
    },
    "jujutsu@latest": {
      "last_modified": "2025-07-16T16:36:02Z",
      "resolved": "github:NixOS/nixpkgs/fa64ec5c1ca6f17746f3defedb988b9248e97616#jujutsu",
      "source": "devbox-search",
      "version": "0.31.0",
      "systems": {
        "aarch64-darwin": {
          "outputs": [
            {
              "name": "out",
              "path": "/nix/store/421n0azh9f81a022ag7lrzs4hihk6l7r-jujutsu-0.31.0",
              "default": true
            }
          ],
          "store_path": "/nix/store/421n0azh9f81a022ag7lrzs4hihk6l7r-jujutsu-0.31.0"
        },
        "aarch64-linux": {
          "outputs": [
            {
              "name": "out",
              "path": "/nix/store/rsqa26608gnnxblm3c7ckxghqnh7wd56-jujutsu-0.31.0",
              "default": true
            }
          ],
          "store_path": "/nix/store/rsqa26608gnnxblm3c7ckxghqnh7wd56-jujutsu-0.31.0"
        },
        "x86_64-darwin": {
          "outputs": [
            {
              "name": "out",
              "path": "/nix/store/zkjy092v2x4pj4qmbf79h71kn2rz3jwa-jujutsu-0.31.0",
              "default": true
            }
          ],
          "store_path": "/nix/store/zkjy092v2x4pj4qmbf79h71kn2rz3jwa-jujutsu-0.31.0"
        },
        "x86_64-linux": {
          "outputs": [
            {
              "name": "out",
              "path": "/nix/store/kr3rxgmzxny2yln266vr3c7a9ax74y8j-jujutsu-0.31.0",
              "default": true
            }
          ],
          "store_path": "/nix/store/kr3rxgmzxny2yln266vr3c7a9ax74y8j-jujutsu-0.31.0"
        }
      }
    }
  }
}
